// !$*UTF8*$!
{
	archiveVersion = 1;
	classes = {
	};
	objectVersion = 56;
	objects = {

/* Begin PBXBuildFile section */
		250CA0ED29E2CFB1004BA88D /* RadioView.swift in Sources */ = {isa = PBXBuildFile; fileRef = 250CA0EC29E2CFB1004BA88D /* RadioView.swift */; };
		250CA0EF29E2DC33004BA88D /* RadioShowView.swift in Sources */ = {isa = PBXBuildFile; fileRef = 250CA0EE29E2DC33004BA88D /* RadioShowView.swift */; };
		250CA0F129E2DD1D004BA88D /* MediaAsset.swift in Sources */ = {isa = PBXBuildFile; fileRef = 250CA0F029E2DD1D004BA88D /* MediaAsset.swift */; };
		250CA0F329E2E142004BA88D /* MusicView.swift in Sources */ = {isa = PBXBuildFile; fileRef = 250CA0F229E2E142004BA88D /* MusicView.swift */; };
		257996B529D4348B00350635 /* EditView.swift in Sources */ = {isa = PBXBuildFile; fileRef = 257996B429D4348B00350635 /* EditView.swift */; };
		257996B829D4552B00350635 /* TextView.swift in Sources */ = {isa = PBXBuildFile; fileRef = 257996B729D4552B00350635 /* TextView.swift */; };
		257996BA29D4557400350635 /* PlayerView.swift in Sources */ = {isa = PBXBuildFile; fileRef = 257996B929D4557400350635 /* PlayerView.swift */; };
		257996BD29D455B800350635 /* MediaModel.swift in Sources */ = {isa = PBXBuildFile; fileRef = 257996BC29D455B800350635 /* MediaModel.swift */; };
		257996BF29D455D600350635 /* CheckBoxStyle.swift in Sources */ = {isa = PBXBuildFile; fileRef = 257996BE29D455D600350635 /* CheckBoxStyle.swift */; };
		2599C07429D4276700B89047 /* appleMusicApp.swift in Sources */ = {isa = PBXBuildFile; fileRef = 2599C07329D4276700B89047 /* appleMusicApp.swift */; };
		2599C07629D4276700B89047 /* ContentView.swift in Sources */ = {isa = PBXBuildFile; fileRef = 2599C07529D4276700B89047 /* ContentView.swift */; };
		2599C07829D4276900B89047 /* Assets.xcassets in Resources */ = {isa = PBXBuildFile; fileRef = 2599C07729D4276900B89047 /* Assets.xcassets */; };
		2599C07B29D4276900B89047 /* Preview Assets.xcassets in Resources */ = {isa = PBXBuildFile; fileRef = 2599C07A29D4276900B89047 /* Preview Assets.xcassets */; };
/* End PBXBuildFile section */

/* Begin PBXFileReference section */
		250CA0EC29E2CFB1004BA88D /* RadioView.swift */ = {isa = PBXFileReference; lastKnownFileType = sourcecode.swift; path = RadioView.swift; sourceTree = "<group>"; };
		250CA0EE29E2DC33004BA88D /* RadioShowView.swift */ = {isa = PBXFileReference; lastKnownFileType = sourcecode.swift; path = RadioShowView.swift; sourceTree = "<group>"; };
		250CA0F029E2DD1D004BA88D /* MediaAsset.swift */ = {isa = PBXFileReference; lastKnownFileType = sourcecode.swift; path = MediaAsset.swift; sourceTree = "<group>"; };
		250CA0F229E2E142004BA88D /* MusicView.swift */ = {isa = PBXFileReference; lastKnownFileType = sourcecode.swift; path = MusicView.swift; sourceTree = "<group>"; };
		257996B429D4348B00350635 /* EditView.swift */ = {isa = PBXFileReference; lastKnownFileType = sourcecode.swift; path = EditView.swift; sourceTree = "<group>"; };
		257996B729D4552B00350635 /* TextView.swift */ = {isa = PBXFileReference; lastKnownFileType = sourcecode.swift; path = TextView.swift; sourceTree = "<group>"; };
		257996B929D4557400350635 /* PlayerView.swift */ = {isa = PBXFileReference; lastKnownFileType = sourcecode.swift; path = PlayerView.swift; sourceTree = "<group>"; };
		257996BC29D455B800350635 /* MediaModel.swift */ = {isa = PBXFileReference; lastKnownFileType = sourcecode.swift; path = MediaModel.swift; sourceTree = "<group>"; };
		257996BE29D455D600350635 /* CheckBoxStyle.swift */ = {isa = PBXFileReference; lastKnownFileType = sourcecode.swift; path = CheckBoxStyle.swift; sourceTree = "<group>"; };
		2599C07029D4276700B89047 /* appleMusic.app */ = {isa = PBXFileReference; explicitFileType = wrapper.application; includeInIndex = 0; path = appleMusic.app; sourceTree = BUILT_PRODUCTS_DIR; };
		2599C07329D4276700B89047 /* appleMusicApp.swift */ = {isa = PBXFileReference; lastKnownFileType = sourcecode.swift; path = appleMusicApp.swift; sourceTree = "<group>"; };
		2599C07529D4276700B89047 /* ContentView.swift */ = {isa = PBXFileReference; lastKnownFileType = sourcecode.swift; path = ContentView.swift; sourceTree = "<group>"; };
		2599C07729D4276900B89047 /* Assets.xcassets */ = {isa = PBXFileReference; lastKnownFileType = folder.assetcatalog; path = Assets.xcassets; sourceTree = "<group>"; };
		2599C07A29D4276900B89047 /* Preview Assets.xcassets */ = {isa = PBXFileReference; lastKnownFileType = folder.assetcatalog; path = "Preview Assets.xcassets"; sourceTree = "<group>"; };
/* End PBXFileReference section */

/* Begin PBXFrameworksBuildPhase section */
		2599C06D29D4276700B89047 /* Frameworks */ = {
			isa = PBXFrameworksBuildPhase;
			buildActionMask = 2147483647;
			files = (
			);
			runOnlyForDeploymentPostprocessing = 0;
		};
/* End PBXFrameworksBuildPhase section */

/* Begin PBXGroup section */
		250CA0EB29E2CF96004BA88D /* RadioView */ = {
			isa = PBXGroup;
			children = (
				250CA0EC29E2CFB1004BA88D /* RadioView.swift */,
				250CA0EE29E2DC33004BA88D /* RadioShowView.swift */,
				250CA0F029E2DD1D004BA88D /* MediaAsset.swift */,
			);
			path = RadioView;
			sourceTree = "<group>";
		};
		257996B629D4551400350635 /* ContentView */ = {
			isa = PBXGroup;
			children = (
				2599C07529D4276700B89047 /* ContentView.swift */,
				257996B729D4552B00350635 /* TextView.swift */,
				257996B929D4557400350635 /* PlayerView.swift */,
				250CA0F229E2E142004BA88D /* MusicView.swift */,
			);
			path = ContentView;
			sourceTree = "<group>";
		};
		257996BB29D455AC00350635 /* EditView */ = {
			isa = PBXGroup;
			children = (
				257996B429D4348B00350635 /* EditView.swift */,
				257996BC29D455B800350635 /* MediaModel.swift */,
				257996BE29D455D600350635 /* CheckBoxStyle.swift */,
			);
			path = EditView;
			sourceTree = "<group>";
		};
		2599C06729D4276700B89047 = {
			isa = PBXGroup;
			children = (
				2599C07229D4276700B89047 /* appleMusic */,
				2599C07129D4276700B89047 /* Products */,
			);
			sourceTree = "<group>";
		};
		2599C07129D4276700B89047 /* Products */ = {
			isa = PBXGroup;
			children = (
				2599C07029D4276700B89047 /* appleMusic.app */,
			);
			name = Products;
			sourceTree = "<group>";
		};
		2599C07229D4276700B89047 /* appleMusic */ = {
			isa = PBXGroup;
			children = (
				250CA0EB29E2CF96004BA88D /* RadioView */,
				257996B629D4551400350635 /* ContentView */,
				257996BB29D455AC00350635 /* EditView */,
				2599C07329D4276700B89047 /* appleMusicApp.swift */,
				2599C07729D4276900B89047 /* Assets.xcassets */,
				2599C07929D4276900B89047 /* Preview Content */,
			);
			path = appleMusic;
			sourceTree = "<group>";
		};
		2599C07929D4276900B89047 /* Preview Content */ = {
			isa = PBXGroup;
			children = (
				2599C07A29D4276900B89047 /* Preview Assets.xcassets */,
			);
			path = "Preview Content";
			sourceTree = "<group>";
		};
/* End PBXGroup section */

/* Begin PBXNativeTarget section */
		2599C06F29D4276700B89047 /* appleMusic */ = {
			isa = PBXNativeTarget;
			buildConfigurationList = 2599C07E29D4276900B89047 /* Build configuration list for PBXNativeTarget "appleMusic" */;
			buildPhases = (
				2599C06C29D4276700B89047 /* Sources */,
				2599C06D29D4276700B89047 /* Frameworks */,
				2599C06E29D4276700B89047 /* Resources */,
			);
			buildRules = (
			);
			dependencies = (
			);
			name = appleMusic;
			productName = appleMusic;
			productReference = 2599C07029D4276700B89047 /* appleMusic.app */;
			productType = "com.apple.product-type.application";
		};
/* End PBXNativeTarget section */

/* Begin PBXProject section */
		2599C06829D4276700B89047 /* Project object */ = {
			isa = PBXProject;
			attributes = {
				BuildIndependentTargetsInParallel = 1;
				LastSwiftUpdateCheck = 1420;
				LastUpgradeCheck = 1420;
				TargetAttributes = {
					2599C06F29D4276700B89047 = {
						CreatedOnToolsVersion = 14.2;
					};
				};
			};
			buildConfigurationList = 2599C06B29D4276700B89047 /* Build configuration list for PBXProject "appleMusic" */;
			compatibilityVersion = "Xcode 14.0";
			developmentRegion = en;
			hasScannedForEncodings = 0;
			knownRegions = (
				en,
				Base,
			);
			mainGroup = 2599C06729D4276700B89047;
			productRefGroup = 2599C07129D4276700B89047 /* Products */;
			projectDirPath = "";
			projectRoot = "";
			targets = (
				2599C06F29D4276700B89047 /* appleMusic */,
			);
		};
/* End PBXProject section */

/* Begin PBXResourcesBuildPhase section */
		2599C06E29D4276700B89047 /* Resources */ = {
			isa = PBXResourcesBuildPhase;
			buildActionMask = 2147483647;
			files = (
				2599C07B29D4276900B89047 /* Preview Assets.xcassets in Resources */,
				2599C07829D4276900B89047 /* Assets.xcassets in Resources */,
			);
			runOnlyForDeploymentPostprocessing = 0;
		};
/* End PBXResourcesBuildPhase section */

/* Begin PBXSourcesBuildPhase section */
		2599C06C29D4276700B89047 /* Sources */ = {
			isa = PBXSourcesBuildPhase;
			buildActionMask = 2147483647;
			files = (
				250CA0EF29E2DC33004BA88D /* RadioShowView.swift in Sources */,
				2599C07629D4276700B89047 /* ContentView.swift in Sources */,
				257996B829D4552B00350635 /* TextView.swift in Sources */,
				250CA0F329E2E142004BA88D /* MusicView.swift in Sources */,
				257996BD29D455B800350635 /* MediaModel.swift in Sources */,
				2599C07429D4276700B89047 /* appleMusicApp.swift in Sources */,
				250CA0ED29E2CFB1004BA88D /* RadioView.swift in Sources */,
				257996BF29D455D600350635 /* CheckBoxStyle.swift in Sources */,
				250CA0F129E2DD1D004BA88D /* MediaAsset.swift in Sources */,
				257996BA29D4557400350635 /* PlayerView.swift in Sources */,
				257996B529D4348B00350635 /* EditView.swift in Sources */,
			);
			runOnlyForDeploymentPostprocessing = 0;
		};
/* End PBXSourcesBuildPhase section */

/* Begin XCBuildConfiguration section */
		2599C07C29D4276900B89047 /* Debug */ = {
			isa = XCBuildConfiguration;
			buildSettings = {
				ALWAYS_SEARCH_USER_PATHS = NO;
				CLANG_ANALYZER_NONNULL = YES;
				CLANG_ANALYZER_NUMBER_OBJECT_CONVERSION = YES_AGGRESSIVE;
				CLANG_CXX_LANGUAGE_STANDARD = "gnu++20";
				CLANG_ENABLE_MODULES = YES;
				CLANG_ENABLE_OBJC_ARC = YES;
				CLANG_ENABLE_OBJC_WEAK = YES;
				CLANG_WARN_BLOCK_CAPTURE_AUTORELEASING = YES;
				CLANG_WARN_BOOL_CONVERSION = YES;
				CLANG_WARN_COMMA = YES;
				CLANG_WARN_CONSTANT_CONVERSION = YES;
				CLANG_WARN_DEPRECATED_OBJC_IMPLEMENTATIONS = YES;
				CLANG_WARN_DIRECT_OBJC_ISA_USAGE = YES_ERROR;
				CLANG_WARN_DOCUMENTATION_COMMENTS = YES;
				CLANG_WARN_EMPTY_BODY = YES;
				CLANG_WARN_ENUM_CONVERSION = YES;
				CLANG_WARN_INFINITE_RECURSION = YES;
				CLANG_WARN_INT_CONVERSION = YES;
				CLANG_WARN_NON_LITERAL_NULL_CONVERSION = YES;
				CLANG_WARN_OBJC_IMPLICIT_RETAIN_SELF = YES;
				CLANG_WARN_OBJC_LITERAL_CONVERSION = YES;
				CLANG_WARN_OBJC_ROOT_CLASS = YES_ERROR;
				CLANG_WARN_QUOTED_INCLUDE_IN_FRAMEWORK_HEADER = YES;
				CLANG_WARN_RANGE_LOOP_ANALYSIS = YES;
				CLANG_WARN_STRICT_PROTOTYPES = YES;
				CLANG_WARN_SUSPICIOUS_MOVE = YES;
				CLANG_WARN_UNGUARDED_AVAILABILITY = YES_AGGRESSIVE;
				CLANG_WARN_UNREACHABLE_CODE = YES;
				CLANG_WARN__DUPLICATE_METHOD_MATCH = YES;
				COPY_PHASE_STRIP = NO;
				DEBUG_INFORMATION_FORMAT = dwarf;
				ENABLE_STRICT_OBJC_MSGSEND = YES;
				ENABLE_TESTABILITY = YES;
				GCC_C_LANGUAGE_STANDARD = gnu11;
				GCC_DYNAMIC_NO_PIC = NO;
				GCC_NO_COMMON_BLOCKS = YES;
				GCC_OPTIMIZATION_LEVEL = 0;
				GCC_PREPROCESSOR_DEFINITIONS = (
					"DEBUG=1",
					"$(inherited)",
				);
				GCC_WARN_64_TO_32_BIT_CONVERSION = YES;
				GCC_WARN_ABOUT_RETURN_TYPE = YES_ERROR;
				GCC_WARN_UNDECLARED_SELECTOR = YES;
				GCC_WARN_UNINITIALIZED_AUTOS = YES_AGGRESSIVE;
				GCC_WARN_UNUSED_FUNCTION = YES;
				GCC_WARN_UNUSED_VARIABLE = YES;
				IPHONEOS_DEPLOYMENT_TARGET = 16.0;
				MTL_ENABLE_DEBUG_INFO = INCLUDE_SOURCE;
				MTL_FAST_MATH = YES;
				ONLY_ACTIVE_ARCH = YES;
				SDKROOT = iphoneos;
				SWIFT_ACTIVE_COMPILATION_CONDITIONS = DEBUG;
				SWIFT_OPTIMIZATION_LEVEL = "-Onone";
			};
			name = Debug;
		};
		2599C07D29D4276900B89047 /* Release */ = {
			isa = XCBuildConfiguration;
			buildSettings = {
				ALWAYS_SEARCH_USER_PATHS = NO;
				CLANG_ANALYZER_NONNULL = YES;
				CLANG_ANALYZER_NUMBER_OBJECT_CONVERSION = YES_AGGRESSIVE;
				CLANG_CXX_LANGUAGE_STANDARD = "gnu++20";
				CLANG_ENABLE_MODULES = YES;
				CLANG_ENABLE_OBJC_ARC = YES;
				CLANG_ENABLE_OBJC_WEAK = YES;
				CLANG_WARN_BLOCK_CAPTURE_AUTORELEASING = YES;
				CLANG_WARN_BOOL_CONVERSION = YES;
				CLANG_WARN_COMMA = YES;
				CLANG_WARN_CONSTANT_CONVERSION = YES;
				CLANG_WARN_DEPRECATED_OBJC_IMPLEMENTATIONS = YES;
				CLANG_WARN_DIRECT_OBJC_ISA_USAGE = YES_ERROR;
				CLANG_WARN_DOCUMENTATION_COMMENTS = YES;
				CLANG_WARN_EMPTY_BODY = YES;
				CLANG_WARN_ENUM_CONVERSION = YES;
				CLANG_WARN_INFINITE_RECURSION = YES;
				CLANG_WARN_INT_CONVERSION = YES;
				CLANG_WARN_NON_LITERAL_NULL_CONVERSION = YES;
				CLANG_WARN_OBJC_IMPLICIT_RETAIN_SELF = YES;
				CLANG_WARN_OBJC_LITERAL_CONVERSION = YES;
				CLANG_WARN_OBJC_ROOT_CLASS = YES_ERROR;
				CLANG_WARN_QUOTED_INCLUDE_IN_FRAMEWORK_HEADER = YES;
				CLANG_WARN_RANGE_LOOP_ANALYSIS = YES;
				CLANG_WARN_STRICT_PROTOTYPES = YES;
				CLANG_WARN_SUSPICIOUS_MOVE = YES;
				CLANG_WARN_UNGUARDED_AVAILABILITY = YES_AGGRESSIVE;
				CLANG_WARN_UNREACHABLE_CODE = YES;
				CLANG_WARN__DUPLICATE_METHOD_MATCH = YES;
				COPY_PHASE_STRIP = NO;
				DEBUG_INFORMATION_FORMAT = "dwarf-with-dsym";
				ENABLE_NS_ASSERTIONS = NO;
				ENABLE_STRICT_OBJC_MSGSEND = YES;
				GCC_C_LANGUAGE_STANDARD = gnu11;
				GCC_NO_COMMON_BLOCKS = YES;
				GCC_WARN_64_TO_32_BIT_CONVERSION = YES;
				GCC_WARN_ABOUT_RETURN_TYPE = YES_ERROR;
				GCC_WARN_UNDECLARED_SELECTOR = YES;
				GCC_WARN_UNINITIALIZED_AUTOS = YES_AGGRESSIVE;
				GCC_WARN_UNUSED_FUNCTION = YES;
				GCC_WARN_UNUSED_VARIABLE = YES;
				IPHONEOS_DEPLOYMENT_TARGET = 16.0;
				MTL_ENABLE_DEBUG_INFO = NO;
				MTL_FAST_MATH = YES;
				SDKROOT = iphoneos;
				SWIFT_COMPILATION_MODE = wholemodule;
				SWIFT_OPTIMIZATION_LEVEL = "-O";
				VALIDATE_PRODUCT = YES;
			};
			name = Release;
		};
		2599C07F29D4276900B89047 /* Debug */ = {
			isa = XCBuildConfiguration;
			buildSettings = {
				ASSETCATALOG_COMPILER_APPICON_NAME = AppIcon;
				ASSETCATALOG_COMPILER_GLOBAL_ACCENT_COLOR_NAME = AccentColor;
				CODE_SIGN_STYLE = Automatic;
				CURRENT_PROJECT_VERSION = 1;
				DEVELOPMENT_ASSET_PATHS = "\"appleMusic/Preview Content\"";
				DEVELOPMENT_TEAM = F5BJS4MMJH;
				ENABLE_PREVIEWS = YES;
				GENERATE_INFOPLIST_FILE = YES;
				INFOPLIST_KEY_UIApplicationSceneManifest_Generation = YES;
				INFOPLIST_KEY_UIApplicationSupportsIndirectInputEvents = YES;
				INFOPLIST_KEY_UILaunchScreen_Generation = YES;
				INFOPLIST_KEY_UISupportedInterfaceOrientations_iPad = "UIInterfaceOrientationPortrait UIInterfaceOrientationPortraitUpsideDown UIInterfaceOrientationLandscapeLeft UIInterfaceOrientationLandscapeRight";
				INFOPLIST_KEY_UISupportedInterfaceOrientations_iPhone = "UIInterfaceOrientationPortrait UIInterfaceOrientationLandscapeLeft UIInterfaceOrientationLandscapeRight";
				LD_RUNPATH_SEARCH_PATHS = (
					"$(inherited)",
					"@executable_path/Frameworks",
				);
				MARKETING_VERSION = 1.0;
				PRODUCT_BUNDLE_IDENTIFIER = davidtonoyan.appleMusic;
				PRODUCT_NAME = "$(TARGET_NAME)";
				SUPPORTED_PLATFORMS = "iphoneos iphonesimulator";
				SUPPORTS_MACCATALYST = NO;
				SUPPORTS_MAC_DESIGNED_FOR_IPHONE_IPAD = NO;
				SWIFT_EMIT_LOC_STRINGS = YES;
				SWIFT_VERSION = 5.0;
				TARGETED_DEVICE_FAMILY = 1;
			};
			name = Debug;
		};
		2599C08029D4276900B89047 /* Release */ = {
			isa = XCBuildConfiguration;
			buildSettings = {
				ASSETCATALOG_COMPILER_APPICON_NAME = AppIcon;
				ASSETCATALOG_COMPILER_GLOBAL_ACCENT_COLOR_NAME = AccentColor;
				CODE_SIGN_STYLE = Automatic;
				CURRENT_PROJECT_VERSION = 1;
				DEVELOPMENT_ASSET_PATHS = "\"appleMusic/Preview Content\"";
				DEVELOPMENT_TEAM = F5BJS4MMJH;
				ENABLE_PREVIEWS = YES;
				GENERATE_INFOPLIST_FILE = YES;
				INFOPLIST_KEY_UIApplicationSceneManifest_Generation = YES;
				INFOPLIST_KEY_UIApplicationSupportsIndirectInputEvents = YES;
				INFOPLIST_KEY_UILaunchScreen_Generation = YES;
				INFOPLIST_KEY_UISupportedInterfaceOrientations_iPad = "UIInterfaceOrientationPortrait UIInterfaceOrientationPortraitUpsideDown UIInterfaceOrientationLandscapeLeft UIInterfaceOrientationLandscapeRight";
				INFOPLIST_KEY_UISupportedInterfaceOrientations_iPhone = "UIInterfaceOrientationPortrait UIInterfaceOrientationLandscapeLeft UIInterfaceOrientationLandscapeRight";
				LD_RUNPATH_SEARCH_PATHS = (
					"$(inherited)",
					"@executable_path/Frameworks",
				);
				MARKETING_VERSION = 1.0;
				PRODUCT_BUNDLE_IDENTIFIER = davidtonoyan.appleMusic;
				PRODUCT_NAME = "$(TARGET_NAME)";
				SUPPORTED_PLATFORMS = "iphoneos iphonesimulator";
				SUPPORTS_MACCATALYST = NO;
				SUPPORTS_MAC_DESIGNED_FOR_IPHONE_IPAD = NO;
				SWIFT_EMIT_LOC_STRINGS = YES;
				SWIFT_VERSION = 5.0;
				TARGETED_DEVICE_FAMILY = 1;
			};
			name = Release;
		};
/* End XCBuildConfiguration section */

/* Begin XCConfigurationList section */
		2599C06B29D4276700B89047 /* Build configuration list for PBXProject "appleMusic" */ = {
			isa = XCConfigurationList;
			buildConfigurations = (
				2599C07C29D4276900B89047 /* Debug */,
				2599C07D29D4276900B89047 /* Release */,
			);
			defaultConfigurationIsVisible = 0;
			defaultConfigurationName = Release;
		};
		2599C07E29D4276900B89047 /* Build configuration list for PBXNativeTarget "appleMusic" */ = {
			isa = XCConfigurationList;
			buildConfigurations = (
				2599C07F29D4276900B89047 /* Debug */,
				2599C08029D4276900B89047 /* Release */,
			);
			defaultConfigurationIsVisible = 0;
			defaultConfigurationName = Release;
		};
/* End XCConfigurationList section */
	};
	rootObject = 2599C06829D4276700B89047 /* Project object */;
}
